{
  "name": "crede-vip-website",
  "version": "1.0.0",
  "lockfileVersion": 3,
  "requires": true,
  "packages": {
    "": {
      "name": "crede-vip-website",
      "version": "1.0.0",
      "license": "ISC",
      "dependencies": {
        "clippyjs": "^0.1.0"
      }
    },
    "node_modules/clippyjs": {
      "version": "0.1.0",
      "resolved": "https://registry.npmjs.org/clippyjs/-/clippyjs-0.1.0.tgz",
      "integrity": "sha512-XnchzSR8H8X43TvwnAktK5xDewKGSyfGu8DagBZCbOUdx0dWAFrFdxdCWlaJkyfx4M3Amvvu13jbHQ/IYQOD+w==",
      "license": "MIT"
    }
  }
}
